PODS:
  - DJI-SDK-iOS (4.14)
  - DJI-UXSDK-iOS (4.14)
  - DJIWidget (1.6.4)

DEPENDENCIES:
  - DJI-SDK-iOS (~> 4.13)
  - DJI-UXSDK-iOS (~> 4.13)
  - DJIWidget (~> 1.6.3)

SPEC REPOS:
  trunk:
    - DJI-SDK-iOS
    - DJI-UXSDK-iOS
    - DJIWidget

SPEC CHECKSUMS:
  DJI-SDK-iOS: db08fad65cfb9fecddb34b38851af105bd4133db
  DJI-UXSDK-iOS: 13bcf4ed89db6ea19fd125b1392613153f0c96b9
  DJIWidget: ce26deb9fb78494d2189065f431b13a663181b5f

PODFILE CHECKSUM: a6c21104513638bc88592450f7bb7bc966b5a04c

COCOAPODS: 1.10.1
