// !$*UTF8*$!
{
	archiveVersion = 1;
	classes = {
	};
	objectVersion = 51;
	objects = {

/* Begin PBXBuildFile section */
		009436658B992DA454A7E6EE /* Pods_DroneMap.framework in Frameworks */ = {isa = PBXBuildFile; fileRef = 75B487836864A315D7524C16 /* Pods_DroneMap.framework */; };
		756F9E8A26795BF400535103 /* AppDelegate.swift in Sources */ = {isa = PBXBuildFile; fileRef = 756F9E8926795BF400535103 /* AppDelegate.swift */; };
		756F9E8C26795BF400535103 /* SceneDelegate.swift in Sources */ = {isa = PBXBuildFile; fileRef = 756F9E8B26795BF400535103 /* SceneDelegate.swift */; };
		756F9E9126795BF400535103 /* Main.storyboard in Resources */ = {isa = PBXBuildFile; fileRef = 756F9E8F26795BF400535103 /* Main.storyboard */; };
		756F9E9326795BF500535103 /* Assets.xcassets in Resources */ = {isa = PBXBuildFile; fileRef = 756F9E9226795BF500535103 /* Assets.xcassets */; };
		756F9E9626795BF500535103 /* LaunchScreen.storyboard in Resources */ = {isa = PBXBuildFile; fileRef = 756F9E9426795BF500535103 /* LaunchScreen.storyboard */; };
		75FD568F26796BF10021C1E1 /* DefaultLayoutViewController.swift in Sources */ = {isa = PBXBuildFile; fileRef = 75FD568E26796BF10021C1E1 /* DefaultLayoutViewController.swift */; };
/* End PBXBuildFile section */

/* Begin PBXFileReference section */
		756F9E8626795BF400535103 /* DroneMap.app */ = {isa = PBXFileReference; explicitFileType = wrapper.application; includeInIndex = 0; path = DroneMap.app; sourceTree = BUILT_PRODUCTS_DIR; };
		756F9E8926795BF400535103 /* AppDelegate.swift */ = {isa = PBXFileReference; lastKnownFileType = sourcecode.swift; path = AppDelegate.swift; sourceTree = "<group>"; };
		756F9E8B26795BF400535103 /* SceneDelegate.swift */ = {isa = PBXFileReference; lastKnownFileType = sourcecode.swift; path = SceneDelegate.swift; sourceTree = "<group>"; };
		756F9E9026795BF400535103 /* Base */ = {isa = PBXFileReference; lastKnownFileType = file.storyboard; name = Base; path = Base.lproj/Main.storyboard; sourceTree = "<group>"; };
		756F9E9226795BF500535103 /* Assets.xcassets */ = {isa = PBXFileReference; lastKnownFileType = folder.assetcatalog; path = Assets.xcassets; sourceTree = "<group>"; };
		756F9E9526795BF500535103 /* Base */ = {isa = PBXFileReference; lastKnownFileType = file.storyboard; name = Base; path = Base.lproj/LaunchScreen.storyboard; sourceTree = "<group>"; };
		756F9E9726795BF500535103 /* Info.plist */ = {isa = PBXFileReference; lastKnownFileType = text.plist.xml; path = Info.plist; sourceTree = "<group>"; };
		75B487836864A315D7524C16 /* Pods_DroneMap.framework */ = {isa = PBXFileReference; explicitFileType = wrapper.framework; includeInIndex = 0; path = Pods_DroneMap.framework; sourceTree = BUILT_PRODUCTS_DIR; };
		75FD568E26796BF10021C1E1 /* DefaultLayoutViewController.swift */ = {isa = PBXFileReference; lastKnownFileType = sourcecode.swift; path = DefaultLayoutViewController.swift; sourceTree = "<group>"; };
		E691D371CF9A13DF3B57086E /* Pods-DroneMap.debug.xcconfig */ = {isa = PBXFileReference; includeInIndex = 1; lastKnownFileType = text.xcconfig; name = "Pods-DroneMap.debug.xcconfig"; path = "Target Support Files/Pods-DroneMap/Pods-DroneMap.debug.xcconfig"; sourceTree = "<group>"; };
		F5CA8E05F40A19417FEA716D /* Pods-DroneMap.release.xcconfig */ = {isa = PBXFileReference; includeInIndex = 1; lastKnownFileType = text.xcconfig; name = "Pods-DroneMap.release.xcconfig"; path = "Target Support Files/Pods-DroneMap/Pods-DroneMap.release.xcconfig"; sourceTree = "<group>"; };
/* End PBXFileReference section */

/* Begin PBXFrameworksBuildPhase section */
		756F9E8326795BF400535103 /* Frameworks */ = {
			isa = PBXFrameworksBuildPhase;
			buildActionMask = 2147483647;
			files = (
				009436658B992DA454A7E6EE /* Pods_DroneMap.framework in Frameworks */,
			);
			runOnlyForDeploymentPostprocessing = 0;
		};
/* End PBXFrameworksBuildPhase section */

/* Begin PBXGroup section */
		645D032BCABA2E592A372A77 /* Pods */ = {
			isa = PBXGroup;
			children = (
				E691D371CF9A13DF3B57086E /* Pods-DroneMap.debug.xcconfig */,
				F5CA8E05F40A19417FEA716D /* Pods-DroneMap.release.xcconfig */,
			);
			path = Pods;
			sourceTree = "<group>";
		};
		756F9E7D26795BF400535103 = {
			isa = PBXGroup;
			children = (
				756F9E8826795BF400535103 /* DroneMap */,
				756F9E8726795BF400535103 /* Products */,
				645D032BCABA2E592A372A77 /* Pods */,
				DDE0C7323D77B4A8BA41FF5D /* Frameworks */,
			);
			sourceTree = "<group>";
		};
		756F9E8726795BF400535103 /* Products */ = {
			isa = PBXGroup;
			children = (
				756F9E8626795BF400535103 /* DroneMap.app */,
			);
			name = Products;
			sourceTree = "<group>";
		};
		756F9E8826795BF400535103 /* DroneMap */ = {
			isa = PBXGroup;
			children = (
				756F9E8926795BF400535103 /* AppDelegate.swift */,
				756F9E8B26795BF400535103 /* SceneDelegate.swift */,
				75FD568E26796BF10021C1E1 /* DefaultLayoutViewController.swift */,
				756F9E8F26795BF400535103 /* Main.storyboard */,
				756F9E9226795BF500535103 /* Assets.xcassets */,
				756F9E9426795BF500535103 /* LaunchScreen.storyboard */,
				756F9E9726795BF500535103 /* Info.plist */,
			);
			path = DroneMap;
			sourceTree = "<group>";
		};
		DDE0C7323D77B4A8BA41FF5D /* Frameworks */ = {
			isa = PBXGroup;
			children = (
				75B487836864A315D7524C16 /* Pods_DroneMap.framework */,
			);
			name = Frameworks;
			sourceTree = "<group>";
		};
/* End PBXGroup section */

/* Begin PBXNativeTarget section */
		756F9E8526795BF400535103 /* DroneMap */ = {
			isa = PBXNativeTarget;
			buildConfigurationList = 756F9E9A26795BF500535103 /* Build configuration list for PBXNativeTarget "DroneMap" */;
			buildPhases = (
				09EE91076B9A0D9859FF7E2E /* [CP] Check Pods Manifest.lock */,
				756F9E8226795BF400535103 /* Sources */,
				756F9E8326795BF400535103 /* Frameworks */,
				756F9E8426795BF400535103 /* Resources */,
				684E3162C596D0524B1A7C63 /* [CP] Embed Pods Frameworks */,
			);
			buildRules = (
			);
			dependencies = (
			);
			name = DroneMap;
			productName = DroneMap;
			productReference = 756F9E8626795BF400535103 /* DroneMap.app */;
			productType = "com.apple.product-type.application";
		};
/* End PBXNativeTarget section */

/* Begin PBXProject section */
		756F9E7E26795BF400535103 /* Project object */ = {
			isa = PBXProject;
			attributes = {
				LastSwiftUpdateCheck = 1250;
				LastUpgradeCheck = 1250;
				TargetAttributes = {
					756F9E8526795BF400535103 = {
						CreatedOnToolsVersion = 12.5;
					};
				};
			};
			buildConfigurationList = 756F9E8126795BF400535103 /* Build configuration list for PBXProject "DroneMap" */;
			compatibilityVersion = "Xcode 9.3";
			developmentRegion = en;
			hasScannedForEncodings = 0;
			knownRegions = (
				en,
				Base,
			);
			mainGroup = 756F9E7D26795BF400535103;
			productRefGroup = 756F9E8726795BF400535103 /* Products */;
			projectDirPath = "";
			projectRoot = "";
			targets = (
				756F9E8526795BF400535103 /* DroneMap */,
			);
		};
/* End PBXProject section */

/* Begin PBXResourcesBuildPhase section */
		756F9E8426795BF400535103 /* Resources */ = {
			isa = PBXResourcesBuildPhase;
			buildActionMask = 2147483647;
			files = (
				756F9E9626795BF500535103 /* LaunchScreen.storyboard in Resources */,
				756F9E9326795BF500535103 /* Assets.xcassets in Resources */,
				756F9E9126795BF400535103 /* Main.storyboard in Resources */,
			);
			runOnlyForDeploymentPostprocessing = 0;
		};
/* End PBXResourcesBuildPhase section */

/* Begin PBXShellScriptBuildPhase section */
		09EE91076B9A0D9859FF7E2E /* [CP] Check Pods Manifest.lock */ = {
			isa = PBXShellScriptBuildPhase;
			buildActionMask = 2147483647;
			files = (
			);
			inputFileListPaths = (
			);
			inputPaths = (
				"${PODS_PODFILE_DIR_PATH}/Podfile.lock",
				"${PODS_ROOT}/Manifest.lock",
			);
			name = "[CP] Check Pods Manifest.lock";
			outputFileListPaths = (
			);
			outputPaths = (
				"$(DERIVED_FILE_DIR)/Pods-DroneMap-checkManifestLockResult.txt",
			);
			runOnlyForDeploymentPostprocessing = 0;
			shellPath = /bin/sh;
			shellScript = "diff \"${PODS_PODFILE_DIR_PATH}/Podfile.lock\" \"${PODS_ROOT}/Manifest.lock\" > /dev/null\nif [ $? != 0 ] ; then\n    # print error to STDERR\n    echo \"error: The sandbox is not in sync with the Podfile.lock. Run 'pod install' or update your CocoaPods installation.\" >&2\n    exit 1\nfi\n# This output is used by Xcode 'outputs' to avoid re-running this script phase.\necho \"SUCCESS\" > \"${SCRIPT_OUTPUT_FILE_0}\"\n";
			showEnvVarsInLog = 0;
		};
		684E3162C596D0524B1A7C63 /* [CP] Embed Pods Frameworks */ = {
			isa = PBXShellScriptBuildPhase;
			buildActionMask = 2147483647;
			files = (
			);
			inputFileListPaths = (
				"${PODS_ROOT}/Target Support Files/Pods-DroneMap/Pods-DroneMap-frameworks-${CONFIGURATION}-input-files.xcfilelist",
			);
			name = "[CP] Embed Pods Frameworks";
			outputFileListPaths = (
				"${PODS_ROOT}/Target Support Files/Pods-DroneMap/Pods-DroneMap-frameworks-${CONFIGURATION}-output-files.xcfilelist",
			);
			runOnlyForDeploymentPostprocessing = 0;
			shellPath = /bin/sh;
			shellScript = "\"${PODS_ROOT}/Target Support Files/Pods-DroneMap/Pods-DroneMap-frameworks.sh\"\n";
			showEnvVarsInLog = 0;
		};
/* End PBXShellScriptBuildPhase section */

/* Begin PBXSourcesBuildPhase section */
		756F9E8226795BF400535103 /* Sources */ = {
			isa = PBXSourcesBuildPhase;
			buildActionMask = 2147483647;
			files = (
				756F9E8A26795BF400535103 /* AppDelegate.swift in Sources */,
				75FD568F26796BF10021C1E1 /* DefaultLayoutViewController.swift in Sources */,
				756F9E8C26795BF400535103 /* SceneDelegate.swift in Sources */,
			);
			runOnlyForDeploymentPostprocessing = 0;
		};
/* End PBXSourcesBuildPhase section */

/* Begin PBXVariantGroup section */
		756F9E8F26795BF400535103 /* Main.storyboard */ = {
			isa = PBXVariantGroup;
			children = (
				756F9E9026795BF400535103 /* Base */,
			);
			name = Main.storyboard;
			sourceTree = "<group>";
		};
		756F9E9426795BF500535103 /* LaunchScreen.storyboard */ = {
			isa = PBXVariantGroup;
			children = (
				756F9E9526795BF500535103 /* Base */,
			);
			name = LaunchScreen.storyboard;
			sourceTree = "<group>";
		};
/* End PBXVariantGroup section */

/* Begin XCBuildConfiguration section */
		756F9E9826795BF500535103 /* Debug */ = {
			isa = XCBuildConfiguration;
			buildSettings = {
				ALWAYS_SEARCH_USER_PATHS = NO;
				CLANG_ANALYZER_NONNULL = YES;
				CLANG_ANALYZER_NUMBER_OBJECT_CONVERSION = YES_AGGRESSIVE;
				CLANG_CXX_LANGUAGE_STANDARD = "gnu++14";
				CLANG_CXX_LIBRARY = "libc++";
				CLANG_ENABLE_MODULES = YES;
				CLANG_ENABLE_OBJC_ARC = YES;
				CLANG_ENABLE_OBJC_WEAK = YES;
				CLANG_WARN_BLOCK_CAPTURE_AUTORELEASING = YES;
				CLANG_WARN_BOOL_CONVERSION = YES;
				CLANG_WARN_COMMA = YES;
				CLANG_WARN_CONSTANT_CONVERSION = YES;
				CLANG_WARN_DEPRECATED_OBJC_IMPLEMENTATIONS = YES;
				CLANG_WARN_DIRECT_OBJC_ISA_USAGE = YES_ERROR;
				CLANG_WARN_DOCUMENTATION_COMMENTS = YES;
				CLANG_WARN_EMPTY_BODY = YES;
				CLANG_WARN_ENUM_CONVERSION = YES;
				CLANG_WARN_INFINITE_RECURSION = YES;
				CLANG_WARN_INT_CONVERSION = YES;
				CLANG_WARN_NON_LITERAL_NULL_CONVERSION = YES;
				CLANG_WARN_OBJC_IMPLICIT_RETAIN_SELF = YES;
				CLANG_WARN_OBJC_LITERAL_CONVERSION = YES;
				CLANG_WARN_OBJC_ROOT_CLASS = YES_ERROR;
				CLANG_WARN_QUOTED_INCLUDE_IN_FRAMEWORK_HEADER = YES;
				CLANG_WARN_RANGE_LOOP_ANALYSIS = YES;
				CLANG_WARN_STRICT_PROTOTYPES = YES;
				CLANG_WARN_SUSPICIOUS_MOVE = YES;
				CLANG_WARN_UNGUARDED_AVAILABILITY = YES_AGGRESSIVE;
				CLANG_WARN_UNREACHABLE_CODE = YES;
				CLANG_WARN__DUPLICATE_METHOD_MATCH = YES;
				COPY_PHASE_STRIP = NO;
				DEBUG_INFORMATION_FORMAT = dwarf;
				ENABLE_STRICT_OBJC_MSGSEND = YES;
				ENABLE_TESTABILITY = YES;
				GCC_C_LANGUAGE_STANDARD = gnu11;
				GCC_DYNAMIC_NO_PIC = NO;
				GCC_NO_COMMON_BLOCKS = YES;
				GCC_OPTIMIZATION_LEVEL = 0;
				GCC_PREPROCESSOR_DEFINITIONS = (
					"DEBUG=1",
					"$(inherited)",
				);
				GCC_WARN_64_TO_32_BIT_CONVERSION = YES;
				GCC_WARN_ABOUT_RETURN_TYPE = YES_ERROR;
				GCC_WARN_UNDECLARED_SELECTOR = YES;
				GCC_WARN_UNINITIALIZED_AUTOS = YES_AGGRESSIVE;
				GCC_WARN_UNUSED_FUNCTION = YES;
				GCC_WARN_UNUSED_VARIABLE = YES;
				IPHONEOS_DEPLOYMENT_TARGET = 14.5;
				MTL_ENABLE_DEBUG_INFO = INCLUDE_SOURCE;
				MTL_FAST_MATH = YES;
				ONLY_ACTIVE_ARCH = YES;
				SDKROOT = iphoneos;
				SWIFT_ACTIVE_COMPILATION_CONDITIONS = DEBUG;
				SWIFT_OPTIMIZATION_LEVEL = "-Onone";
			};
			name = Debug;
		};
		756F9E9926795BF500535103 /* Release */ = {
			isa = XCBuildConfiguration;
			buildSettings = {
				ALWAYS_SEARCH_USER_PATHS = NO;
				CLANG_ANALYZER_NONNULL = YES;
				CLANG_ANALYZER_NUMBER_OBJECT_CONVERSION = YES_AGGRESSIVE;
				CLANG_CXX_LANGUAGE_STANDARD = "gnu++14";
				CLANG_CXX_LIBRARY = "libc++";
				CLANG_ENABLE_MODULES = YES;
				CLANG_ENABLE_OBJC_ARC = YES;
				CLANG_ENABLE_OBJC_WEAK = YES;
				CLANG_WARN_BLOCK_CAPTURE_AUTORELEASING = YES;
				CLANG_WARN_BOOL_CONVERSION = YES;
				CLANG_WARN_COMMA = YES;
				CLANG_WARN_CONSTANT_CONVERSION = YES;
				CLANG_WARN_DEPRECATED_OBJC_IMPLEMENTATIONS = YES;
				CLANG_WARN_DIRECT_OBJC_ISA_USAGE = YES_ERROR;
				CLANG_WARN_DOCUMENTATION_COMMENTS = YES;
				CLANG_WARN_EMPTY_BODY = YES;
				CLANG_WARN_ENUM_CONVERSION = YES;
				CLANG_WARN_INFINITE_RECURSION = YES;
				CLANG_WARN_INT_CONVERSION = YES;
				CLANG_WARN_NON_LITERAL_NULL_CONVERSION = YES;
				CLANG_WARN_OBJC_IMPLICIT_RETAIN_SELF = YES;
				CLANG_WARN_OBJC_LITERAL_CONVERSION = YES;
				CLANG_WARN_OBJC_ROOT_CLASS = YES_ERROR;
				CLANG_WARN_QUOTED_INCLUDE_IN_FRAMEWORK_HEADER = YES;
				CLANG_WARN_RANGE_LOOP_ANALYSIS = YES;
				CLANG_WARN_STRICT_PROTOTYPES = YES;
				CLANG_WARN_SUSPICIOUS_MOVE = YES;
				CLANG_WARN_UNGUARDED_AVAILABILITY = YES_AGGRESSIVE;
				CLANG_WARN_UNREACHABLE_CODE = YES;
				CLANG_WARN__DUPLICATE_METHOD_MATCH = YES;
				COPY_PHASE_STRIP = NO;
				DEBUG_INFORMATION_FORMAT = "dwarf-with-dsym";
				ENABLE_NS_ASSERTIONS = NO;
				ENABLE_STRICT_OBJC_MSGSEND = YES;
				GCC_C_LANGUAGE_STANDARD = gnu11;
				GCC_NO_COMMON_BLOCKS = YES;
				GCC_WARN_64_TO_32_BIT_CONVERSION = YES;
				GCC_WARN_ABOUT_RETURN_TYPE = YES_ERROR;
				GCC_WARN_UNDECLARED_SELECTOR = YES;
				GCC_WARN_UNINITIALIZED_AUTOS = YES_AGGRESSIVE;
				GCC_WARN_UNUSED_FUNCTION = YES;
				GCC_WARN_UNUSED_VARIABLE = YES;
				IPHONEOS_DEPLOYMENT_TARGET = 14.5;
				MTL_ENABLE_DEBUG_INFO = NO;
				MTL_FAST_MATH = YES;
				SDKROOT = iphoneos;
				SWIFT_COMPILATION_MODE = wholemodule;
				SWIFT_OPTIMIZATION_LEVEL = "-O";
				VALIDATE_PRODUCT = YES;
			};
			name = Release;
		};
		756F9E9B26795BF500535103 /* Debug */ = {
			isa = XCBuildConfiguration;
			baseConfigurationReference = E691D371CF9A13DF3B57086E /* Pods-DroneMap.debug.xcconfig */;
			buildSettings = {
				ASSETCATALOG_COMPILER_APPICON_NAME = AppIcon;
				ASSETCATALOG_COMPILER_GLOBAL_ACCENT_COLOR_NAME = AccentColor;
				CODE_SIGN_STYLE = Automatic;
				DEVELOPMENT_TEAM = BN7XT824WG;
				HEADER_SEARCH_PATHS = "$(PODS_ROOT)/Headers/Public";
				INFOPLIST_FILE = DroneMap/Info.plist;
				LD_RUNPATH_SEARCH_PATHS = (
					"$(inherited)",
					"@executable_path/Frameworks",
				);
				PRODUCT_BUNDLE_IDENTIFIER = com.jitenpatel.DroneMap;
				PRODUCT_NAME = "$(TARGET_NAME)";
				SWIFT_VERSION = 5.0;
				TARGETED_DEVICE_FAMILY = "1,2";
			};
			name = Debug;
		};
		756F9E9C26795BF500535103 /* Release */ = {
			isa = XCBuildConfiguration;
			baseConfigurationReference = F5CA8E05F40A19417FEA716D /* Pods-DroneMap.release.xcconfig */;
			buildSettings = {
				ASSETCATALOG_COMPILER_APPICON_NAME = AppIcon;
				ASSETCATALOG_COMPILER_GLOBAL_ACCENT_COLOR_NAME = AccentColor;
				CODE_SIGN_STYLE = Automatic;
				DEVELOPMENT_TEAM = BN7XT824WG;
				HEADER_SEARCH_PATHS = "$(PODS_ROOT)/Headers/Public";
				INFOPLIST_FILE = DroneMap/Info.plist;
				LD_RUNPATH_SEARCH_PATHS = (
					"$(inherited)",
					"@executable_path/Frameworks",
				);
				PRODUCT_BUNDLE_IDENTIFIER = com.jitenpatel.DroneMap;
				PRODUCT_NAME = "$(TARGET_NAME)";
				SWIFT_VERSION = 5.0;
				TARGETED_DEVICE_FAMILY = "1,2";
			};
			name = Release;
		};
/* End XCBuildConfiguration section */

/* Begin XCConfigurationList section */
		756F9E8126795BF400535103 /* Build configuration list for PBXProject "DroneMap" */ = {
			isa = XCConfigurationList;
			buildConfigurations = (
				756F9E9826795BF500535103 /* Debug */,
				756F9E9926795BF500535103 /* Release */,
			);
			defaultConfigurationIsVisible = 0;
			defaultConfigurationName = Release;
		};
		756F9E9A26795BF500535103 /* Build configuration list for PBXNativeTarget "DroneMap" */ = {
			isa = XCConfigurationList;
			buildConfigurations = (
				756F9E9B26795BF500535103 /* Debug */,
				756F9E9C26795BF500535103 /* Release */,
			);
			defaultConfigurationIsVisible = 0;
			defaultConfigurationName = Release;
		};
/* End XCConfigurationList section */
	};
	rootObject = 756F9E7E26795BF400535103 /* Project object */;
}
